
Microsoft Visual Studio Solution File, Format Version 12.00
# Visual Studio 15
Project("{FAE04EC0-301F-11D3-BF4B-00C04F79EFBC}") = "SB.Calculator.BLL", "SB.Calculator.BLL.csproj", "{0059CD8F-A7FA-471A-B3FA-E1EC54A4D0A6}"
EndProject
Project("{FAE04EC0-301F-11D3-BF4B-00C04F79EFBC}") = "SB.Calculator.Test", "SB.Calculator.Test\SB.Calculator.Test.csproj", "{02895367-2341-4363-98C9-9BDBCDED627A}"
EndProject
Global
	GlobalSection(SolutionConfigurationPlatforms) = preSolution
		Debug|Any CPU = Debug|Any CPU
		Release|Any CPU = Release|Any CPU
	EndGlobalSection
	GlobalSection(ProjectConfigurationPlatforms) = postSolution
		{0059CD8F-A7FA-471A-B3FA-E1EC54A4D0A6}.Debug|Any CPU.ActiveCfg = Debug|Any CPU
		{0059CD8F-A7FA-471A-B3FA-E1EC54A4D0A6}.Debug|Any CPU.Build.0 = Debug|Any CPU
		{0059CD8F-A7FA-471A-B3FA-E1EC54A4D0A6}.Release|Any CPU.ActiveCfg = Release|Any CPU
		{0059CD8F-A7FA-471A-B3FA-E1EC54A4D0A6}.Release|Any CPU.Build.0 = Release|Any CPU
		{02895367-2341-4363-98C9-9BDBCDED627A}.Debug|Any CPU.ActiveCfg = Debug|Any CPU
		{02895367-2341-4363-98C9-9BDBCDED627A}.Debug|Any CPU.Build.0 = Debug|Any CPU
		{02895367-2341-4363-98C9-9BDBCDED627A}.Release|Any CPU.ActiveCfg = Release|Any CPU
		{02895367-2341-4363-98C9-9BDBCDED627A}.Release|Any CPU.Build.0 = Release|Any CPU
	EndGlobalSection
EndGlobal
