
Microsoft Visual Studio Solution File, Format Version 12.00
# Visual Studio 15
VisualStudioVersion = 15.0.28307.168
MinimumVisualStudioVersion = 10.0.40219.1
Project("{9A19103F-16F7-4668-BE54-9A1E7A4F7556}") = "PracticeExample", "PracticeExample\PracticeExample.csproj", "{81BD003C-A7AA-4DEE-9D49-BCDCA771BAEE}"
EndProject
Project("{FAE04EC0-301F-11D3-BF4B-00C04F79EFBC}") = "ListPractice", "ListPractice\ListPractice.csproj", "{7CB788C5-CDA9-4A9A-B4B4-1089F39B5FB7}"
EndProject
Project("{FAE04EC0-301F-11D3-BF4B-00C04F79EFBC}") = "ListGroupings", "ListGroupings\ListGroupings.csproj", "{C4ACF97D-16D1-44CC-89AE-0F84966B9511}"
EndProject
Global
	GlobalSection(SolutionConfigurationPlatforms) = preSolution
		Debug|Any CPU = Debug|Any CPU
		Release|Any CPU = Release|Any CPU
	EndGlobalSection
	GlobalSection(ProjectConfigurationPlatforms) = postSolution
		{81BD003C-A7AA-4DEE-9D49-BCDCA771BAEE}.Debug|Any CPU.ActiveCfg = Debug|Any CPU
		{81BD003C-A7AA-4DEE-9D49-BCDCA771BAEE}.Debug|Any CPU.Build.0 = Debug|Any CPU
		{81BD003C-A7AA-4DEE-9D49-BCDCA771BAEE}.Release|Any CPU.ActiveCfg = Release|Any CPU
		{81BD003C-A7AA-4DEE-9D49-BCDCA771BAEE}.Release|Any CPU.Build.0 = Release|Any CPU
		{7CB788C5-CDA9-4A9A-B4B4-1089F39B5FB7}.Debug|Any CPU.ActiveCfg = Debug|Any CPU
		{7CB788C5-CDA9-4A9A-B4B4-1089F39B5FB7}.Debug|Any CPU.Build.0 = Debug|Any CPU
		{7CB788C5-CDA9-4A9A-B4B4-1089F39B5FB7}.Release|Any CPU.ActiveCfg = Release|Any CPU
		{7CB788C5-CDA9-4A9A-B4B4-1089F39B5FB7}.Release|Any CPU.Build.0 = Release|Any CPU
		{C4ACF97D-16D1-44CC-89AE-0F84966B9511}.Debug|Any CPU.ActiveCfg = Debug|Any CPU
		{C4ACF97D-16D1-44CC-89AE-0F84966B9511}.Debug|Any CPU.Build.0 = Debug|Any CPU
		{C4ACF97D-16D1-44CC-89AE-0F84966B9511}.Release|Any CPU.ActiveCfg = Release|Any CPU
		{C4ACF97D-16D1-44CC-89AE-0F84966B9511}.Release|Any CPU.Build.0 = Release|Any CPU
	EndGlobalSection
	GlobalSection(SolutionProperties) = preSolution
		HideSolutionNode = FALSE
	EndGlobalSection
	GlobalSection(ExtensibilityGlobals) = postSolution
		SolutionGuid = {42C7C53B-7E72-470A-A612-D3B4FFE29190}
	EndGlobalSection
EndGlobal
